
Microsoft Visual Studio Solution File, Format Version 12.00
# Visual Studio Version 16
VisualStudioVersion = 16.0.31321.278
MinimumVisualStudioVersion = 10.0.40219.1
Project("{FAE04EC0-301F-11D3-BF4B-00C04F79EFBC}") = "CompanyPrinterz", "CompanyPrinterz.csproj", "{535E652C-FF2D-43C5-82C8-ACFB276D9999}"
EndProject
Global
	GlobalSection(SolutionConfigurationPlatforms) = preSolution
		Debug|Any CPU = Debug|Any CPU
		Release|Any CPU = Release|Any CPU
	EndGlobalSection
	GlobalSection(ProjectConfigurationPlatforms) = postSolution
		{535E652C-FF2D-43C5-82C8-ACFB276D9999}.Debug|Any CPU.ActiveCfg = Debug|Any CPU
		{535E652C-FF2D-43C5-82C8-ACFB276D9999}.Debug|Any CPU.Build.0 = Debug|Any CPU
		{535E652C-FF2D-43C5-82C8-ACFB276D9999}.Release|Any CPU.ActiveCfg = Release|Any CPU
		{535E652C-FF2D-43C5-82C8-ACFB276D9999}.Release|Any CPU.Build.0 = Release|Any CPU
	EndGlobalSection
	GlobalSection(SolutionProperties) = preSolution
		HideSolutionNode = FALSE
	EndGlobalSection
	GlobalSection(ExtensibilityGlobals) = postSolution
		SolutionGuid = {DA19413D-98A9-455E-B447-96BCCE64934B}
	EndGlobalSection
EndGlobal
